
Microsoft Visual Studio Solution File, Format Version 12.00
# Visual Studio 15
VisualStudioVersion = 15.0.26124.0
MinimumVisualStudioVersion = 15.0.26124.0
Project("{FAE04EC0-301F-11D3-BF4B-00C04F79EFBC}") = "myapp", "myapp\myapp.csproj", "{44DBE659-489E-4D08-9656-9D7F4E01D688}"
EndProject
Project("{2150E333-8FDC-42A3-9474-1A3956D46DE8}") = "mylibs", "mylibs", "{77E9146F-37F7-46C0-9A32-3978FBAB78F1}"
EndProject
Project("{FAE04EC0-301F-11D3-BF4B-00C04F79EFBC}") = "mylib1", "mylib1\mylib1.csproj", "{BB18EED1-9797-43AC-940C-93B17DBE7C6E}"
EndProject
Project("{FAE04EC0-301F-11D3-BF4B-00C04F79EFBC}") = "mylib2", "mylib2\mylib2.csproj", "{0559D814-53DA-4680-981A-CDCC4344E6B2}"
EndProject
Global
	GlobalSection(SolutionConfigurationPlatforms) = preSolution
		Debug|Any CPU = Debug|Any CPU
		Debug|x64 = Debug|x64
		Debug|x86 = Debug|x86
		Release|Any CPU = Release|Any CPU
		Release|x64 = Release|x64
		Release|x86 = Release|x86
	EndGlobalSection
	GlobalSection(SolutionProperties) = preSolution
		HideSolutionNode = FALSE
	EndGlobalSection
	GlobalSection(ProjectConfigurationPlatforms) = postSolution
		{44DBE659-489E-4D08-9656-9D7F4E01D688}.Debug|Any CPU.ActiveCfg = Debug|Any CPU
		{44DBE659-489E-4D08-9656-9D7F4E01D688}.Debug|Any CPU.Build.0 = Debug|Any CPU
		{44DBE659-489E-4D08-9656-9D7F4E01D688}.Debug|x64.ActiveCfg = Debug|Any CPU
		{44DBE659-489E-4D08-9656-9D7F4E01D688}.Debug|x64.Build.0 = Debug|Any CPU
		{44DBE659-489E-4D08-9656-9D7F4E01D688}.Debug|x86.ActiveCfg = Debug|Any CPU
		{44DBE659-489E-4D08-9656-9D7F4E01D688}.Debug|x86.Build.0 = Debug|Any CPU
		{44DBE659-489E-4D08-9656-9D7F4E01D688}.Release|Any CPU.ActiveCfg = Release|Any CPU
		{44DBE659-489E-4D08-9656-9D7F4E01D688}.Release|Any CPU.Build.0 = Release|Any CPU
		{44DBE659-489E-4D08-9656-9D7F4E01D688}.Release|x64.ActiveCfg = Release|Any CPU
		{44DBE659-489E-4D08-9656-9D7F4E01D688}.Release|x64.Build.0 = Release|Any CPU
		{44DBE659-489E-4D08-9656-9D7F4E01D688}.Release|x86.ActiveCfg = Release|Any CPU
		{44DBE659-489E-4D08-9656-9D7F4E01D688}.Release|x86.Build.0 = Release|Any CPU
		{BB18EED1-9797-43AC-940C-93B17DBE7C6E}.Debug|Any CPU.ActiveCfg = Debug|Any CPU
		{BB18EED1-9797-43AC-940C-93B17DBE7C6E}.Debug|Any CPU.Build.0 = Debug|Any CPU
		{BB18EED1-9797-43AC-940C-93B17DBE7C6E}.Debug|x64.ActiveCfg = Debug|Any CPU
		{BB18EED1-9797-43AC-940C-93B17DBE7C6E}.Debug|x64.Build.0 = Debug|Any CPU
		{BB18EED1-9797-43AC-940C-93B17DBE7C6E}.Debug|x86.ActiveCfg = Debug|Any CPU
		{BB18EED1-9797-43AC-940C-93B17DBE7C6E}.Debug|x86.Build.0 = Debug|Any CPU
		{BB18EED1-9797-43AC-940C-93B17DBE7C6E}.Release|Any CPU.ActiveCfg = Release|Any CPU
		{BB18EED1-9797-43AC-940C-93B17DBE7C6E}.Release|Any CPU.Build.0 = Release|Any CPU
		{BB18EED1-9797-43AC-940C-93B17DBE7C6E}.Release|x64.ActiveCfg = Release|Any CPU
		{BB18EED1-9797-43AC-940C-93B17DBE7C6E}.Release|x64.Build.0 = Release|Any CPU
		{BB18EED1-9797-43AC-940C-93B17DBE7C6E}.Release|x86.ActiveCfg = Release|Any CPU
		{BB18EED1-9797-43AC-940C-93B17DBE7C6E}.Release|x86.Build.0 = Release|Any CPU
		{0559D814-53DA-4680-981A-CDCC4344E6B2}.Debug|Any CPU.ActiveCfg = Debug|Any CPU
		{0559D814-53DA-4680-981A-CDCC4344E6B2}.Debug|Any CPU.Build.0 = Debug|Any CPU
		{0559D814-53DA-4680-981A-CDCC4344E6B2}.Debug|x64.ActiveCfg = Debug|Any CPU
		{0559D814-53DA-4680-981A-CDCC4344E6B2}.Debug|x64.Build.0 = Debug|Any CPU
		{0559D814-53DA-4680-981A-CDCC4344E6B2}.Debug|x86.ActiveCfg = Debug|Any CPU
		{0559D814-53DA-4680-981A-CDCC4344E6B2}.Debug|x86.Build.0 = Debug|Any CPU
		{0559D814-53DA-4680-981A-CDCC4344E6B2}.Release|Any CPU.ActiveCfg = Release|Any CPU
		{0559D814-53DA-4680-981A-CDCC4344E6B2}.Release|Any CPU.Build.0 = Release|Any CPU
		{0559D814-53DA-4680-981A-CDCC4344E6B2}.Release|x64.ActiveCfg = Release|Any CPU
		{0559D814-53DA-4680-981A-CDCC4344E6B2}.Release|x64.Build.0 = Release|Any CPU
		{0559D814-53DA-4680-981A-CDCC4344E6B2}.Release|x86.ActiveCfg = Release|Any CPU
		{0559D814-53DA-4680-981A-CDCC4344E6B2}.Release|x86.Build.0 = Release|Any CPU
	EndGlobalSection
	GlobalSection(NestedProjects) = preSolution
		{BB18EED1-9797-43AC-940C-93B17DBE7C6E} = {77E9146F-37F7-46C0-9A32-3978FBAB78F1}
		{0559D814-53DA-4680-981A-CDCC4344E6B2} = {77E9146F-37F7-46C0-9A32-3978FBAB78F1}
	EndGlobalSection
EndGlobal
